
Microsoft Visual Studio Solution File, Format Version 12.00
# Visual Studio Version 16
VisualStudioVersion = 16.0.31205.134
MinimumVisualStudioVersion = 10.0.40219.1
Project("{9A19103F-16F7-4668-BE54-9A1E7A4F7556}") = "MOQ.Examples", "MOQ.Examples\MOQ.Examples.csproj", "{D3534C35-FDC6-40D5-8BF0-206794222869}"
EndProject
Project("{FAE04EC0-301F-11D3-BF4B-00C04F79EFBC}") = "MOQ.Tests", "MOQ.Tests\MOQ.Tests.csproj", "{A22F23CE-69D5-4D68-B9F0-57438E03920D}"
EndProject
Global
	GlobalSection(SolutionConfigurationPlatforms) = preSolution
		Debug|Any CPU = Debug|Any CPU
		Release|Any CPU = Release|Any CPU
	EndGlobalSection
	GlobalSection(ProjectConfigurationPlatforms) = postSolution
		{D3534C35-FDC6-40D5-8BF0-206794222869}.Debug|Any CPU.ActiveCfg = Debug|Any CPU
		{D3534C35-FDC6-40D5-8BF0-206794222869}.Debug|Any CPU.Build.0 = Debug|Any CPU
		{D3534C35-FDC6-40D5-8BF0-206794222869}.Release|Any CPU.ActiveCfg = Release|Any CPU
		{D3534C35-FDC6-40D5-8BF0-206794222869}.Release|Any CPU.Build.0 = Release|Any CPU
		{A22F23CE-69D5-4D68-B9F0-57438E03920D}.Debug|Any CPU.ActiveCfg = Debug|Any CPU
		{A22F23CE-69D5-4D68-B9F0-57438E03920D}.Debug|Any CPU.Build.0 = Debug|Any CPU
		{A22F23CE-69D5-4D68-B9F0-57438E03920D}.Release|Any CPU.ActiveCfg = Release|Any CPU
		{A22F23CE-69D5-4D68-B9F0-57438E03920D}.Release|Any CPU.Build.0 = Release|Any CPU
	EndGlobalSection
	GlobalSection(SolutionProperties) = preSolution
		HideSolutionNode = FALSE
	EndGlobalSection
	GlobalSection(ExtensibilityGlobals) = postSolution
		SolutionGuid = {E2B52C9D-E041-4A00-9B44-7B3F2EED939D}
	EndGlobalSection
EndGlobal
